
Microsoft Visual Studio Solution File, Format Version 12.00
# Visual Studio Version 17
VisualStudioVersion = 17.5.33516.290
MinimumVisualStudioVersion = 10.0.40219.1
Project("{8BC9CEB8-8B4A-11D0-8D11-00A0C91BC942}") = "recruit_quiz", "recruit_quiz\recruit_quiz.vcxproj", "{55A18E2F-5F8E-46FD-BAB6-595E8DDFF33D}"
EndProject
Global
	GlobalSection(SolutionConfigurationPlatforms) = preSolution
		Debug|x64 = Debug|x64
		Debug|x86 = Debug|x86
		Release|x64 = Release|x64
		Release|x86 = Release|x86
	EndGlobalSection
	GlobalSection(ProjectConfigurationPlatforms) = postSolution
		{55A18E2F-5F8E-46FD-BAB6-595E8DDFF33D}.Debug|x64.ActiveCfg = Debug|x64
		{55A18E2F-5F8E-46FD-BAB6-595E8DDFF33D}.Debug|x64.Build.0 = Debug|x64
		{55A18E2F-5F8E-46FD-BAB6-595E8DDFF33D}.Debug|x86.ActiveCfg = Debug|Win32
		{55A18E2F-5F8E-46FD-BAB6-595E8DDFF33D}.Debug|x86.Build.0 = Debug|Win32
		{55A18E2F-5F8E-46FD-BAB6-595E8DDFF33D}.Release|x64.ActiveCfg = Release|x64
		{55A18E2F-5F8E-46FD-BAB6-595E8DDFF33D}.Release|x64.Build.0 = Release|x64
		{55A18E2F-5F8E-46FD-BAB6-595E8DDFF33D}.Release|x86.ActiveCfg = Release|Win32
		{55A18E2F-5F8E-46FD-BAB6-595E8DDFF33D}.Release|x86.Build.0 = Release|Win32
	EndGlobalSection
	GlobalSection(SolutionProperties) = preSolution
		HideSolutionNode = FALSE
	EndGlobalSection
	GlobalSection(ExtensibilityGlobals) = postSolution
		SolutionGuid = {A51E6A6E-14E0-4980-A2B8-FF48DA70E59D}
	EndGlobalSection
EndGlobal
